// !$*UTF8*$!
{
	archiveVersion = 1;
	classes = {
	};
	objectVersion = 55;
	objects = {

/* Begin PBXBuildFile section */
		F47C3FEC2780289800CDD87C /* AppDelegate.swift in Sources */ = {isa = PBXBuildFile; fileRef = F47C3FEB2780289800CDD87C /* AppDelegate.swift */; };
		F47C3FEE2780289800CDD87C /* SceneDelegate.swift in Sources */ = {isa = PBXBuildFile; fileRef = F47C3FED2780289800CDD87C /* SceneDelegate.swift */; };
		F47C3FF02780289800CDD87C /* ViewController.swift in Sources */ = {isa = PBXBuildFile; fileRef = F47C3FEF2780289800CDD87C /* ViewController.swift */; };
		F47C3FF32780289800CDD87C /* Main.storyboard in Resources */ = {isa = PBXBuildFile; fileRef = F47C3FF12780289800CDD87C /* Main.storyboard */; };
		F47C3FF62780289800CDD87C /* StoryChoice.xcdatamodeld in Sources */ = {isa = PBXBuildFile; fileRef = F47C3FF42780289800CDD87C /* StoryChoice.xcdatamodeld */; };
		F47C3FF82780289A00CDD87C /* Assets.xcassets in Resources */ = {isa = PBXBuildFile; fileRef = F47C3FF72780289A00CDD87C /* Assets.xcassets */; };
		F47C3FFB2780289A00CDD87C /* LaunchScreen.storyboard in Resources */ = {isa = PBXBuildFile; fileRef = F47C3FF92780289A00CDD87C /* LaunchScreen.storyboard */; };
		F47C40062780289A00CDD87C /* StoryChoiceTests.swift in Sources */ = {isa = PBXBuildFile; fileRef = F47C40052780289A00CDD87C /* StoryChoiceTests.swift */; };
		F47C40102780289A00CDD87C /* StoryChoiceUITests.swift in Sources */ = {isa = PBXBuildFile; fileRef = F47C400F2780289A00CDD87C /* StoryChoiceUITests.swift */; };
		F47C40122780289A00CDD87C /* StoryChoiceUITestsLaunchTests.swift in Sources */ = {isa = PBXBuildFile; fileRef = F47C40112780289A00CDD87C /* StoryChoiceUITestsLaunchTests.swift */; };
		F47C402027802DF300CDD87C /* Story.swift in Sources */ = {isa = PBXBuildFile; fileRef = F47C401F27802DF300CDD87C /* Story.swift */; };
		F47C402227802E0E00CDD87C /* StoryBrain.swift in Sources */ = {isa = PBXBuildFile; fileRef = F47C402127802E0E00CDD87C /* StoryBrain.swift */; };
/* End PBXBuildFile section */

/* Begin PBXContainerItemProxy section */
		F47C40022780289A00CDD87C /* PBXContainerItemProxy */ = {
			isa = PBXContainerItemProxy;
			containerPortal = F47C3FE02780289800CDD87C /* Project object */;
			proxyType = 1;
			remoteGlobalIDString = F47C3FE72780289800CDD87C;
			remoteInfo = StoryChoice;
		};
		F47C400C2780289A00CDD87C /* PBXContainerItemProxy */ = {
			isa = PBXContainerItemProxy;
			containerPortal = F47C3FE02780289800CDD87C /* Project object */;
			proxyType = 1;
			remoteGlobalIDString = F47C3FE72780289800CDD87C;
			remoteInfo = StoryChoice;
		};
/* End PBXContainerItemProxy section */

/* Begin PBXFileReference section */
		F47C3FE82780289800CDD87C /* StoryChoice.app */ = {isa = PBXFileReference; explicitFileType = wrapper.application; includeInIndex = 0; path = StoryChoice.app; sourceTree = BUILT_PRODUCTS_DIR; };
		F47C3FEB2780289800CDD87C /* AppDelegate.swift */ = {isa = PBXFileReference; lastKnownFileType = sourcecode.swift; path = AppDelegate.swift; sourceTree = "<group>"; };
		F47C3FED2780289800CDD87C /* SceneDelegate.swift */ = {isa = PBXFileReference; lastKnownFileType = sourcecode.swift; path = SceneDelegate.swift; sourceTree = "<group>"; };
		F47C3FEF2780289800CDD87C /* ViewController.swift */ = {isa = PBXFileReference; lastKnownFileType = sourcecode.swift; path = ViewController.swift; sourceTree = "<group>"; };
		F47C3FF22780289800CDD87C /* Base */ = {isa = PBXFileReference; lastKnownFileType = file.storyboard; name = Base; path = Base.lproj/Main.storyboard; sourceTree = "<group>"; };
		F47C3FF52780289800CDD87C /* StoryChoice.xcdatamodel */ = {isa = PBXFileReference; lastKnownFileType = wrapper.xcdatamodel; path = StoryChoice.xcdatamodel; sourceTree = "<group>"; };
		F47C3FF72780289A00CDD87C /* Assets.xcassets */ = {isa = PBXFileReference; lastKnownFileType = folder.assetcatalog; path = Assets.xcassets; sourceTree = "<group>"; };
		F47C3FFA2780289A00CDD87C /* Base */ = {isa = PBXFileReference; lastKnownFileType = file.storyboard; name = Base; path = Base.lproj/LaunchScreen.storyboard; sourceTree = "<group>"; };
		F47C3FFC2780289A00CDD87C /* Info.plist */ = {isa = PBXFileReference; lastKnownFileType = text.plist.xml; path = Info.plist; sourceTree = "<group>"; };
		F47C40012780289A00CDD87C /* StoryChoiceTests.xctest */ = {isa = PBXFileReference; explicitFileType = wrapper.cfbundle; includeInIndex = 0; path = StoryChoiceTests.xctest; sourceTree = BUILT_PRODUCTS_DIR; };
		F47C40052780289A00CDD87C /* StoryChoiceTests.swift */ = {isa = PBXFileReference; lastKnownFileType = sourcecode.swift; path = StoryChoiceTests.swift; sourceTree = "<group>"; };
		F47C400B2780289A00CDD87C /* StoryChoiceUITests.xctest */ = {isa = PBXFileReference; explicitFileType = wrapper.cfbundle; includeInIndex = 0; path = StoryChoiceUITests.xctest; sourceTree = BUILT_PRODUCTS_DIR; };
		F47C400F2780289A00CDD87C /* StoryChoiceUITests.swift */ = {isa = PBXFileReference; lastKnownFileType = sourcecode.swift; path = StoryChoiceUITests.swift; sourceTree = "<group>"; };
		F47C40112780289A00CDD87C /* StoryChoiceUITestsLaunchTests.swift */ = {isa = PBXFileReference; lastKnownFileType = sourcecode.swift; path = StoryChoiceUITestsLaunchTests.swift; sourceTree = "<group>"; };
		F47C401F27802DF300CDD87C /* Story.swift */ = {isa = PBXFileReference; lastKnownFileType = sourcecode.swift; path = Story.swift; sourceTree = "<group>"; };
		F47C402127802E0E00CDD87C /* StoryBrain.swift */ = {isa = PBXFileReference; lastKnownFileType = sourcecode.swift; path = StoryBrain.swift; sourceTree = "<group>"; };
/* End PBXFileReference section */

/* Begin PBXFrameworksBuildPhase section */
		F47C3FE52780289800CDD87C /* Frameworks */ = {
			isa = PBXFrameworksBuildPhase;
			buildActionMask = 2147483647;
			files = (
			);
			runOnlyForDeploymentPostprocessing = 0;
		};
		F47C3FFE2780289A00CDD87C /* Frameworks */ = {
			isa = PBXFrameworksBuildPhase;
			buildActionMask = 2147483647;
			files = (
			);
			runOnlyForDeploymentPostprocessing = 0;
		};
		F47C40082780289A00CDD87C /* Frameworks */ = {
			isa = PBXFrameworksBuildPhase;
			buildActionMask = 2147483647;
			files = (
			);
			runOnlyForDeploymentPostprocessing = 0;
		};
/* End PBXFrameworksBuildPhase section */

/* Begin PBXGroup section */
		F47C3FDF2780289800CDD87C = {
			isa = PBXGroup;
			children = (
				F47C3FEA2780289800CDD87C /* StoryChoice */,
				F47C40042780289A00CDD87C /* StoryChoiceTests */,
				F47C400E2780289A00CDD87C /* StoryChoiceUITests */,
				F47C3FE92780289800CDD87C /* Products */,
			);
			sourceTree = "<group>";
		};
		F47C3FE92780289800CDD87C /* Products */ = {
			isa = PBXGroup;
			children = (
				F47C3FE82780289800CDD87C /* StoryChoice.app */,
				F47C40012780289A00CDD87C /* StoryChoiceTests.xctest */,
				F47C400B2780289A00CDD87C /* StoryChoiceUITests.xctest */,
			);
			name = Products;
			sourceTree = "<group>";
		};
		F47C3FEA2780289800CDD87C /* StoryChoice */ = {
			isa = PBXGroup;
			children = (
				F47C401E27802DE100CDD87C /* Model */,
				F47C3FEB2780289800CDD87C /* AppDelegate.swift */,
				F47C3FED2780289800CDD87C /* SceneDelegate.swift */,
				F47C3FEF2780289800CDD87C /* ViewController.swift */,
				F47C3FF12780289800CDD87C /* Main.storyboard */,
				F47C3FF72780289A00CDD87C /* Assets.xcassets */,
				F47C3FF92780289A00CDD87C /* LaunchScreen.storyboard */,
				F47C3FFC2780289A00CDD87C /* Info.plist */,
				F47C3FF42780289800CDD87C /* StoryChoice.xcdatamodeld */,
			);
			path = StoryChoice;
			sourceTree = "<group>";
		};
		F47C40042780289A00CDD87C /* StoryChoiceTests */ = {
			isa = PBXGroup;
			children = (
				F47C40052780289A00CDD87C /* StoryChoiceTests.swift */,
			);
			path = StoryChoiceTests;
			sourceTree = "<group>";
		};
		F47C400E2780289A00CDD87C /* StoryChoiceUITests */ = {
			isa = PBXGroup;
			children = (
				F47C400F2780289A00CDD87C /* StoryChoiceUITests.swift */,
				F47C40112780289A00CDD87C /* StoryChoiceUITestsLaunchTests.swift */,
			);
			path = StoryChoiceUITests;
			sourceTree = "<group>";
		};
		F47C401E27802DE100CDD87C /* Model */ = {
			isa = PBXGroup;
			children = (
				F47C401F27802DF300CDD87C /* Story.swift */,
				F47C402127802E0E00CDD87C /* StoryBrain.swift */,
			);
			path = Model;
			sourceTree = "<group>";
		};
/* End PBXGroup section */

/* Begin PBXNativeTarget section */
		F47C3FE72780289800CDD87C /* StoryChoice */ = {
			isa = PBXNativeTarget;
			buildConfigurationList = F47C40152780289A00CDD87C /* Build configuration list for PBXNativeTarget "StoryChoice" */;
			buildPhases = (
				F47C3FE42780289800CDD87C /* Sources */,
				F47C3FE52780289800CDD87C /* Frameworks */,
				F47C3FE62780289800CDD87C /* Resources */,
			);
			buildRules = (
			);
			dependencies = (
			);
			name = StoryChoice;
			productName = StoryChoice;
			productReference = F47C3FE82780289800CDD87C /* StoryChoice.app */;
			productType = "com.apple.product-type.application";
		};
		F47C40002780289A00CDD87C /* StoryChoiceTests */ = {
			isa = PBXNativeTarget;
			buildConfigurationList = F47C40182780289A00CDD87C /* Build configuration list for PBXNativeTarget "StoryChoiceTests" */;
			buildPhases = (
				F47C3FFD2780289A00CDD87C /* Sources */,
				F47C3FFE2780289A00CDD87C /* Frameworks */,
				F47C3FFF2780289A00CDD87C /* Resources */,
			);
			buildRules = (
			);
			dependencies = (
				F47C40032780289A00CDD87C /* PBXTargetDependency */,
			);
			name = StoryChoiceTests;
			productName = StoryChoiceTests;
			productReference = F47C40012780289A00CDD87C /* StoryChoiceTests.xctest */;
			productType = "com.apple.product-type.bundle.unit-test";
		};
		F47C400A2780289A00CDD87C /* StoryChoiceUITests */ = {
			isa = PBXNativeTarget;
			buildConfigurationList = F47C401B2780289A00CDD87C /* Build configuration list for PBXNativeTarget "StoryChoiceUITests" */;
			buildPhases = (
				F47C40072780289A00CDD87C /* Sources */,
				F47C40082780289A00CDD87C /* Frameworks */,
				F47C40092780289A00CDD87C /* Resources */,
			);
			buildRules = (
			);
			dependencies = (
				F47C400D2780289A00CDD87C /* PBXTargetDependency */,
			);
			name = StoryChoiceUITests;
			productName = StoryChoiceUITests;
			productReference = F47C400B2780289A00CDD87C /* StoryChoiceUITests.xctest */;
			productType = "com.apple.product-type.bundle.ui-testing";
		};
/* End PBXNativeTarget section */

/* Begin PBXProject section */
		F47C3FE02780289800CDD87C /* Project object */ = {
			isa = PBXProject;
			attributes = {
				BuildIndependentTargetsInParallel = 1;
				LastSwiftUpdateCheck = 1310;
				LastUpgradeCheck = 1310;
				TargetAttributes = {
					F47C3FE72780289800CDD87C = {
						CreatedOnToolsVersion = 13.1;
					};
					F47C40002780289A00CDD87C = {
						CreatedOnToolsVersion = 13.1;
						TestTargetID = F47C3FE72780289800CDD87C;
					};
					F47C400A2780289A00CDD87C = {
						CreatedOnToolsVersion = 13.1;
						TestTargetID = F47C3FE72780289800CDD87C;
					};
				};
			};
			buildConfigurationList = F47C3FE32780289800CDD87C /* Build configuration list for PBXProject "StoryChoice" */;
			compatibilityVersion = "Xcode 13.0";
			developmentRegion = en;
			hasScannedForEncodings = 0;
			knownRegions = (
				en,
				Base,
			);
			mainGroup = F47C3FDF2780289800CDD87C;
			productRefGroup = F47C3FE92780289800CDD87C /* Products */;
			projectDirPath = "";
			projectRoot = "";
			targets = (
				F47C3FE72780289800CDD87C /* StoryChoice */,
				F47C40002780289A00CDD87C /* StoryChoiceTests */,
				F47C400A2780289A00CDD87C /* StoryChoiceUITests */,
			);
		};
/* End PBXProject section */

/* Begin PBXResourcesBuildPhase section */
		F47C3FE62780289800CDD87C /* Resources */ = {
			isa = PBXResourcesBuildPhase;
			buildActionMask = 2147483647;
			files = (
				F47C3FFB2780289A00CDD87C /* LaunchScreen.storyboard in Resources */,
				F47C3FF82780289A00CDD87C /* Assets.xcassets in Resources */,
				F47C3FF32780289800CDD87C /* Main.storyboard in Resources */,
			);
			runOnlyForDeploymentPostprocessing = 0;
		};
		F47C3FFF2780289A00CDD87C /* Resources */ = {
			isa = PBXResourcesBuildPhase;
			buildActionMask = 2147483647;
			files = (
			);
			runOnlyForDeploymentPostprocessing = 0;
		};
		F47C40092780289A00CDD87C /* Resources */ = {
			isa = PBXResourcesBuildPhase;
			buildActionMask = 2147483647;
			files = (
			);
			runOnlyForDeploymentPostprocessing = 0;
		};
/* End PBXResourcesBuildPhase section */

/* Begin PBXSourcesBuildPhase section */
		F47C3FE42780289800CDD87C /* Sources */ = {
			isa = PBXSourcesBuildPhase;
			buildActionMask = 2147483647;
			files = (
				F47C402227802E0E00CDD87C /* StoryBrain.swift in Sources */,
				F47C3FF62780289800CDD87C /* StoryChoice.xcdatamodeld in Sources */,
				F47C3FF02780289800CDD87C /* ViewController.swift in Sources */,
				F47C3FEC2780289800CDD87C /* AppDelegate.swift in Sources */,
				F47C3FEE2780289800CDD87C /* SceneDelegate.swift in Sources */,
				F47C402027802DF300CDD87C /* Story.swift in Sources */,
			);
			runOnlyForDeploymentPostprocessing = 0;
		};
		F47C3FFD2780289A00CDD87C /* Sources */ = {
			isa = PBXSourcesBuildPhase;
			buildActionMask = 2147483647;
			files = (
				F47C40062780289A00CDD87C /* StoryChoiceTests.swift in Sources */,
			);
			runOnlyForDeploymentPostprocessing = 0;
		};
		F47C40072780289A00CDD87C /* Sources */ = {
			isa = PBXSourcesBuildPhase;
			buildActionMask = 2147483647;
			files = (
				F47C40102780289A00CDD87C /* StoryChoiceUITests.swift in Sources */,
				F47C40122780289A00CDD87C /* StoryChoiceUITestsLaunchTests.swift in Sources */,
			);
			runOnlyForDeploymentPostprocessing = 0;
		};
/* End PBXSourcesBuildPhase section */

/* Begin PBXTargetDependency section */
		F47C40032780289A00CDD87C /* PBXTargetDependency */ = {
			isa = PBXTargetDependency;
			target = F47C3FE72780289800CDD87C /* StoryChoice */;
			targetProxy = F47C40022780289A00CDD87C /* PBXContainerItemProxy */;
		};
		F47C400D2780289A00CDD87C /* PBXTargetDependency */ = {
			isa = PBXTargetDependency;
			target = F47C3FE72780289800CDD87C /* StoryChoice */;
			targetProxy = F47C400C2780289A00CDD87C /* PBXContainerItemProxy */;
		};
/* End PBXTargetDependency section */

/* Begin PBXVariantGroup section */
		F47C3FF12780289800CDD87C /* Main.storyboard */ = {
			isa = PBXVariantGroup;
			children = (
				F47C3FF22780289800CDD87C /* Base */,
			);
			name = Main.storyboard;
			sourceTree = "<group>";
		};
		F47C3FF92780289A00CDD87C /* LaunchScreen.storyboard */ = {
			isa = PBXVariantGroup;
			children = (
				F47C3FFA2780289A00CDD87C /* Base */,
			);
			name = LaunchScreen.storyboard;
			sourceTree = "<group>";
		};
/* End PBXVariantGroup section */

/* Begin XCBuildConfiguration section */
		F47C40132780289A00CDD87C /* Debug */ = {
			isa = XCBuildConfiguration;
			buildSettings = {
				ALWAYS_SEARCH_USER_PATHS = NO;
				CLANG_ANALYZER_NONNULL = YES;
				CLANG_ANALYZER_NUMBER_OBJECT_CONVERSION = YES_AGGRESSIVE;
				CLANG_CXX_LANGUAGE_STANDARD = "gnu++17";
				CLANG_CXX_LIBRARY = "libc++";
				CLANG_ENABLE_MODULES = YES;
				CLANG_ENABLE_OBJC_ARC = YES;
				CLANG_ENABLE_OBJC_WEAK = YES;
				CLANG_WARN_BLOCK_CAPTURE_AUTORELEASING = YES;
				CLANG_WARN_BOOL_CONVERSION = YES;
				CLANG_WARN_COMMA = YES;
				CLANG_WARN_CONSTANT_CONVERSION = YES;
				CLANG_WARN_DEPRECATED_OBJC_IMPLEMENTATIONS = YES;
				CLANG_WARN_DIRECT_OBJC_ISA_USAGE = YES_ERROR;
				CLANG_WARN_DOCUMENTATION_COMMENTS = YES;
				CLANG_WARN_EMPTY_BODY = YES;
				CLANG_WARN_ENUM_CONVERSION = YES;
				CLANG_WARN_INFINITE_RECURSION = YES;
				CLANG_WARN_INT_CONVERSION = YES;
				CLANG_WARN_NON_LITERAL_NULL_CONVERSION = YES;
				CLANG_WARN_OBJC_IMPLICIT_RETAIN_SELF = YES;
				CLANG_WARN_OBJC_LITERAL_CONVERSION = YES;
				CLANG_WARN_OBJC_ROOT_CLASS = YES_ERROR;
				CLANG_WARN_QUOTED_INCLUDE_IN_FRAMEWORK_HEADER = YES;
				CLANG_WARN_RANGE_LOOP_ANALYSIS = YES;
				CLANG_WARN_STRICT_PROTOTYPES = YES;
				CLANG_WARN_SUSPICIOUS_MOVE = YES;
				CLANG_WARN_UNGUARDED_AVAILABILITY = YES_AGGRESSIVE;
				CLANG_WARN_UNREACHABLE_CODE = YES;
				CLANG_WARN__DUPLICATE_METHOD_MATCH = YES;
				COPY_PHASE_STRIP = NO;
				DEBUG_INFORMATION_FORMAT = dwarf;
				ENABLE_STRICT_OBJC_MSGSEND = YES;
				ENABLE_TESTABILITY = YES;
				GCC_C_LANGUAGE_STANDARD = gnu11;
				GCC_DYNAMIC_NO_PIC = NO;
				GCC_NO_COMMON_BLOCKS = YES;
				GCC_OPTIMIZATION_LEVEL = 0;
				GCC_PREPROCESSOR_DEFINITIONS = (
					"DEBUG=1",
					"$(inherited)",
				);
				GCC_WARN_64_TO_32_BIT_CONVERSION = YES;
				GCC_WARN_ABOUT_RETURN_TYPE = YES_ERROR;
				GCC_WARN_UNDECLARED_SELECTOR = YES;
				GCC_WARN_UNINITIALIZED_AUTOS = YES_AGGRESSIVE;
				GCC_WARN_UNUSED_FUNCTION = YES;
				GCC_WARN_UNUSED_VARIABLE = YES;
				IPHONEOS_DEPLOYMENT_TARGET = 15.0;
				MTL_ENABLE_DEBUG_INFO = INCLUDE_SOURCE;
				MTL_FAST_MATH = YES;
				ONLY_ACTIVE_ARCH = YES;
				SDKROOT = iphoneos;
				SWIFT_ACTIVE_COMPILATION_CONDITIONS = DEBUG;
				SWIFT_OPTIMIZATION_LEVEL = "-Onone";
			};
			name = Debug;
		};
		F47C40142780289A00CDD87C /* Release */ = {
			isa = XCBuildConfiguration;
			buildSettings = {
				ALWAYS_SEARCH_USER_PATHS = NO;
				CLANG_ANALYZER_NONNULL = YES;
				CLANG_ANALYZER_NUMBER_OBJECT_CONVERSION = YES_AGGRESSIVE;
				CLANG_CXX_LANGUAGE_STANDARD = "gnu++17";
				CLANG_CXX_LIBRARY = "libc++";
				CLANG_ENABLE_MODULES = YES;
				CLANG_ENABLE_OBJC_ARC = YES;
				CLANG_ENABLE_OBJC_WEAK = YES;
				CLANG_WARN_BLOCK_CAPTURE_AUTORELEASING = YES;
				CLANG_WARN_BOOL_CONVERSION = YES;
				CLANG_WARN_COMMA = YES;
				CLANG_WARN_CONSTANT_CONVERSION = YES;
				CLANG_WARN_DEPRECATED_OBJC_IMPLEMENTATIONS = YES;
				CLANG_WARN_DIRECT_OBJC_ISA_USAGE = YES_ERROR;
				CLANG_WARN_DOCUMENTATION_COMMENTS = YES;
				CLANG_WARN_EMPTY_BODY = YES;
				CLANG_WARN_ENUM_CONVERSION = YES;
				CLANG_WARN_INFINITE_RECURSION = YES;
				CLANG_WARN_INT_CONVERSION = YES;
				CLANG_WARN_NON_LITERAL_NULL_CONVERSION = YES;
				CLANG_WARN_OBJC_IMPLICIT_RETAIN_SELF = YES;
				CLANG_WARN_OBJC_LITERAL_CONVERSION = YES;
				CLANG_WARN_OBJC_ROOT_CLASS = YES_ERROR;
				CLANG_WARN_QUOTED_INCLUDE_IN_FRAMEWORK_HEADER = YES;
				CLANG_WARN_RANGE_LOOP_ANALYSIS = YES;
				CLANG_WARN_STRICT_PROTOTYPES = YES;
				CLANG_WARN_SUSPICIOUS_MOVE = YES;
				CLANG_WARN_UNGUARDED_AVAILABILITY = YES_AGGRESSIVE;
				CLANG_WARN_UNREACHABLE_CODE = YES;
				CLANG_WARN__DUPLICATE_METHOD_MATCH = YES;
				COPY_PHASE_STRIP = NO;
				DEBUG_INFORMATION_FORMAT = "dwarf-with-dsym";
				ENABLE_NS_ASSERTIONS = NO;
				ENABLE_STRICT_OBJC_MSGSEND = YES;
				GCC_C_LANGUAGE_STANDARD = gnu11;
				GCC_NO_COMMON_BLOCKS = YES;
				GCC_WARN_64_TO_32_BIT_CONVERSION = YES;
				GCC_WARN_ABOUT_RETURN_TYPE = YES_ERROR;
				GCC_WARN_UNDECLARED_SELECTOR = YES;
				GCC_WARN_UNINITIALIZED_AUTOS = YES_AGGRESSIVE;
				GCC_WARN_UNUSED_FUNCTION = YES;
				GCC_WARN_UNUSED_VARIABLE = YES;
				IPHONEOS_DEPLOYMENT_TARGET = 15.0;
				MTL_ENABLE_DEBUG_INFO = NO;
				MTL_FAST_MATH = YES;
				SDKROOT = iphoneos;
				SWIFT_COMPILATION_MODE = wholemodule;
				SWIFT_OPTIMIZATION_LEVEL = "-O";
				VALIDATE_PRODUCT = YES;
			};
			name = Release;
		};
		F47C40162780289A00CDD87C /* Debug */ = {
			isa = XCBuildConfiguration;
			buildSettings = {
				ASSETCATALOG_COMPILER_APPICON_NAME = AppIcon;
				ASSETCATALOG_COMPILER_GLOBAL_ACCENT_COLOR_NAME = AccentColor;
				CODE_SIGN_STYLE = Automatic;
				CURRENT_PROJECT_VERSION = 1;
				DEVELOPMENT_TEAM = S3PW95J64Q;
				GENERATE_INFOPLIST_FILE = YES;
				INFOPLIST_FILE = StoryChoice/Info.plist;
				INFOPLIST_KEY_UIApplicationSupportsIndirectInputEvents = YES;
				INFOPLIST_KEY_UILaunchStoryboardName = LaunchScreen;
				INFOPLIST_KEY_UIMainStoryboardFile = Main;
				INFOPLIST_KEY_UISupportedInterfaceOrientations_iPad = "UIInterfaceOrientationPortrait UIInterfaceOrientationPortraitUpsideDown UIInterfaceOrientationLandscapeLeft UIInterfaceOrientationLandscapeRight";
				INFOPLIST_KEY_UISupportedInterfaceOrientations_iPhone = "UIInterfaceOrientationPortrait UIInterfaceOrientationLandscapeLeft UIInterfaceOrientationLandscapeRight";
				LD_RUNPATH_SEARCH_PATHS = (
					"$(inherited)",
					"@executable_path/Frameworks",
				);
				MARKETING_VERSION = 1.0;
				PRODUCT_BUNDLE_IDENTIFIER = "com.Hiroaki-Hirabayashi.StoryChoice";
				PRODUCT_NAME = "$(TARGET_NAME)";
				SWIFT_EMIT_LOC_STRINGS = YES;
				SWIFT_VERSION = 5.0;
				TARGETED_DEVICE_FAMILY = "1,2";
			};
			name = Debug;
		};
		F47C40172780289A00CDD87C /* Release */ = {
			isa = XCBuildConfiguration;
			buildSettings = {
				ASSETCATALOG_COMPILER_APPICON_NAME = AppIcon;
				ASSETCATALOG_COMPILER_GLOBAL_ACCENT_COLOR_NAME = AccentColor;
				CODE_SIGN_STYLE = Automatic;
				CURRENT_PROJECT_VERSION = 1;
				DEVELOPMENT_TEAM = S3PW95J64Q;
				GENERATE_INFOPLIST_FILE = YES;
				INFOPLIST_FILE = StoryChoice/Info.plist;
				INFOPLIST_KEY_UIApplicationSupportsIndirectInputEvents = YES;
				INFOPLIST_KEY_UILaunchStoryboardName = LaunchScreen;
				INFOPLIST_KEY_UIMainStoryboardFile = Main;
				INFOPLIST_KEY_UISupportedInterfaceOrientations_iPad = "UIInterfaceOrientationPortrait UIInterfaceOrientationPortraitUpsideDown UIInterfaceOrientationLandscapeLeft UIInterfaceOrientationLandscapeRight";
				INFOPLIST_KEY_UISupportedInterfaceOrientations_iPhone = "UIInterfaceOrientationPortrait UIInterfaceOrientationLandscapeLeft UIInterfaceOrientationLandscapeRight";
				LD_RUNPATH_SEARCH_PATHS = (
					"$(inherited)",
					"@executable_path/Frameworks",
				);
				MARKETING_VERSION = 1.0;
				PRODUCT_BUNDLE_IDENTIFIER = "com.Hiroaki-Hirabayashi.StoryChoice";
				PRODUCT_NAME = "$(TARGET_NAME)";
				SWIFT_EMIT_LOC_STRINGS = YES;
				SWIFT_VERSION = 5.0;
				TARGETED_DEVICE_FAMILY = "1,2";
			};
			name = Release;
		};
		F47C40192780289A00CDD87C /* Debug */ = {
			isa = XCBuildConfiguration;
			buildSettings = {
				ALWAYS_EMBED_SWIFT_STANDARD_LIBRARIES = YES;
				BUNDLE_LOADER = "$(TEST_HOST)";
				CODE_SIGN_STYLE = Automatic;
				CURRENT_PROJECT_VERSION = 1;
				DEVELOPMENT_TEAM = S3PW95J64Q;
				GENERATE_INFOPLIST_FILE = YES;
				IPHONEOS_DEPLOYMENT_TARGET = 15.0;
				LD_RUNPATH_SEARCH_PATHS = (
					"$(inherited)",
					"@executable_path/Frameworks",
					"@loader_path/Frameworks",
				);
				MARKETING_VERSION = 1.0;
				PRODUCT_BUNDLE_IDENTIFIER = "com.Hiroaki-Hirabayashi.StoryChoiceTests";
				PRODUCT_NAME = "$(TARGET_NAME)";
				SWIFT_EMIT_LOC_STRINGS = NO;
				SWIFT_VERSION = 5.0;
				TARGETED_DEVICE_FAMILY = "1,2";
				TEST_HOST = "$(BUILT_PRODUCTS_DIR)/StoryChoice.app/StoryChoice";
			};
			name = Debug;
		};
		F47C401A2780289A00CDD87C /* Release */ = {
			isa = XCBuildConfiguration;
			buildSettings = {
				ALWAYS_EMBED_SWIFT_STANDARD_LIBRARIES = YES;
				BUNDLE_LOADER = "$(TEST_HOST)";
				CODE_SIGN_STYLE = Automatic;
				CURRENT_PROJECT_VERSION = 1;
				DEVELOPMENT_TEAM = S3PW95J64Q;
				GENERATE_INFOPLIST_FILE = YES;
				IPHONEOS_DEPLOYMENT_TARGET = 15.0;
				LD_RUNPATH_SEARCH_PATHS = (
					"$(inherited)",
					"@executable_path/Frameworks",
					"@loader_path/Frameworks",
				);
				MARKETING_VERSION = 1.0;
				PRODUCT_BUNDLE_IDENTIFIER = "com.Hiroaki-Hirabayashi.StoryChoiceTests";
				PRODUCT_NAME = "$(TARGET_NAME)";
				SWIFT_EMIT_LOC_STRINGS = NO;
				SWIFT_VERSION = 5.0;
				TARGETED_DEVICE_FAMILY = "1,2";
				TEST_HOST = "$(BUILT_PRODUCTS_DIR)/StoryChoice.app/StoryChoice";
			};
			name = Release;
		};
		F47C401C2780289A00CDD87C /* Debug */ = {
			isa = XCBuildConfiguration;
			buildSettings = {
				ALWAYS_EMBED_SWIFT_STANDARD_LIBRARIES = YES;
				CODE_SIGN_STYLE = Automatic;
				CURRENT_PROJECT_VERSION = 1;
				DEVELOPMENT_TEAM = S3PW95J64Q;
				GENERATE_INFOPLIST_FILE = YES;
				LD_RUNPATH_SEARCH_PATHS = (
					"$(inherited)",
					"@executable_path/Frameworks",
					"@loader_path/Frameworks",
				);
				MARKETING_VERSION = 1.0;
				PRODUCT_BUNDLE_IDENTIFIER = "com.Hiroaki-Hirabayashi.StoryChoiceUITests";
				PRODUCT_NAME = "$(TARGET_NAME)";
				SWIFT_EMIT_LOC_STRINGS = NO;
				SWIFT_VERSION = 5.0;
				TARGETED_DEVICE_FAMILY = "1,2";
				TEST_TARGET_NAME = StoryChoice;
			};
			name = Debug;
		};
		F47C401D2780289A00CDD87C /* Release */ = {
			isa = XCBuildConfiguration;
			buildSettings = {
				ALWAYS_EMBED_SWIFT_STANDARD_LIBRARIES = YES;
				CODE_SIGN_STYLE = Automatic;
				CURRENT_PROJECT_VERSION = 1;
				DEVELOPMENT_TEAM = S3PW95J64Q;
				GENERATE_INFOPLIST_FILE = YES;
				LD_RUNPATH_SEARCH_PATHS = (
					"$(inherited)",
					"@executable_path/Frameworks",
					"@loader_path/Frameworks",
				);
				MARKETING_VERSION = 1.0;
				PRODUCT_BUNDLE_IDENTIFIER = "com.Hiroaki-Hirabayashi.StoryChoiceUITests";
				PRODUCT_NAME = "$(TARGET_NAME)";
				SWIFT_EMIT_LOC_STRINGS = NO;
				SWIFT_VERSION = 5.0;
				TARGETED_DEVICE_FAMILY = "1,2";
				TEST_TARGET_NAME = StoryChoice;
			};
			name = Release;
		};
/* End XCBuildConfiguration section */

/* Begin XCConfigurationList section */
		F47C3FE32780289800CDD87C /* Build configuration list for PBXProject "StoryChoice" */ = {
			isa = XCConfigurationList;
			buildConfigurations = (
				F47C40132780289A00CDD87C /* Debug */,
				F47C40142780289A00CDD87C /* Release */,
			);
			defaultConfigurationIsVisible = 0;
			defaultConfigurationName = Release;
		};
		F47C40152780289A00CDD87C /* Build configuration list for PBXNativeTarget "StoryChoice" */ = {
			isa = XCConfigurationList;
			buildConfigurations = (
				F47C40162780289A00CDD87C /* Debug */,
				F47C40172780289A00CDD87C /* Release */,
			);
			defaultConfigurationIsVisible = 0;
			defaultConfigurationName = Release;
		};
		F47C40182780289A00CDD87C /* Build configuration list for PBXNativeTarget "StoryChoiceTests" */ = {
			isa = XCConfigurationList;
			buildConfigurations = (
				F47C40192780289A00CDD87C /* Debug */,
				F47C401A2780289A00CDD87C /* Release */,
			);
			defaultConfigurationIsVisible = 0;
			defaultConfigurationName = Release;
		};
		F47C401B2780289A00CDD87C /* Build configuration list for PBXNativeTarget "StoryChoiceUITests" */ = {
			isa = XCConfigurationList;
			buildConfigurations = (
				F47C401C2780289A00CDD87C /* Debug */,
				F47C401D2780289A00CDD87C /* Release */,
			);
			defaultConfigurationIsVisible = 0;
			defaultConfigurationName = Release;
		};
/* End XCConfigurationList section */

/* Begin XCVersionGroup section */
		F47C3FF42780289800CDD87C /* StoryChoice.xcdatamodeld */ = {
			isa = XCVersionGroup;
			children = (
				F47C3FF52780289800CDD87C /* StoryChoice.xcdatamodel */,
			);
			currentVersion = F47C3FF52780289800CDD87C /* StoryChoice.xcdatamodel */;
			path = StoryChoice.xcdatamodeld;
			sourceTree = "<group>";
			versionGroupType = wrapper.xcdatamodel;
		};
/* End XCVersionGroup section */
	};
	rootObject = F47C3FE02780289800CDD87C /* Project object */;
}
